
Microsoft Visual Studio Solution File, Format Version 12.00
# Visual Studio Version 17
VisualStudioVersion = 17.1.32228.430
MinimumVisualStudioVersion = 10.0.40219.1
Project("{FAE04EC0-301F-11D3-BF4B-00C04F79EFBC}") = "MyFamilySimpleV", "MyFamilySimpleV\MyFamilySimpleV.csproj", "{C4E20A9B-1C49-4DB9-AAA8-BF74AEBD205F}"
EndProject
Global
	GlobalSection(SolutionConfigurationPlatforms) = preSolution
		Debug|Any CPU = Debug|Any CPU
		Release|Any CPU = Release|Any CPU
	EndGlobalSection
	GlobalSection(ProjectConfigurationPlatforms) = postSolution
		{C4E20A9B-1C49-4DB9-AAA8-BF74AEBD205F}.Debug|Any CPU.ActiveCfg = Debug|Any CPU
		{C4E20A9B-1C49-4DB9-AAA8-BF74AEBD205F}.Debug|Any CPU.Build.0 = Debug|Any CPU
		{C4E20A9B-1C49-4DB9-AAA8-BF74AEBD205F}.Release|Any CPU.ActiveCfg = Release|Any CPU
		{C4E20A9B-1C49-4DB9-AAA8-BF74AEBD205F}.Release|Any CPU.Build.0 = Release|Any CPU
	EndGlobalSection
	GlobalSection(SolutionProperties) = preSolution
		HideSolutionNode = FALSE
	EndGlobalSection
	GlobalSection(ExtensibilityGlobals) = postSolution
		SolutionGuid = {4A5FBF23-012A-40C6-B076-E2FA63C8364B}
	EndGlobalSection
EndGlobal
